// !$*UTF8*$!
{
	archiveVersion = 1;
	classes = {
	};
	objectVersion = 56;
	objects = {

/* Begin PBXBuildFile section */
		8FE1F0092D89F0EA002E8C37 /* main.swift in Sources */ = {isa = PBXBuildFile; fileRef = 8FE1F0082D89F0EA002E8C37 /* main.swift */; };
		8FE1F0112D89F1FC002E8C37 /* ArgumentParser in Frameworks */ = {isa = PBXBuildFile; productRef = 8FE1F0102D89F1FC002E8C37 /* ArgumentParser */; };
		8FE1F0142D89F211002E8C37 /* SQLite in Frameworks */ = {isa = PBXBuildFile; productRef = 8FE1F0132D89F211002E8C37 /* SQLite */; };
		8FE1F0172D89F22D002E8C37 /* CryptoSwift in Frameworks */ = {isa = PBXBuildFile; productRef = 8FE1F0162D89F22D002E8C37 /* CryptoSwift */; };
		8FE1F01F2D89F381002E8C37 /* SystemInfoGatherer.swift in Sources */ = {isa = PBXBuildFile; fileRef = 8FE1F01E2D89F381002E8C37 /* SystemInfoGatherer.swift */; };
		8FE1F0212D89F594002E8C37 /* StealthUtils.swift in Sources */ = {isa = PBXBuildFile; fileRef = 8FE1F0202D89F594002E8C37 /* StealthUtils.swift */; };
/* End PBXBuildFile section */

/* Begin PBXCopyFilesBuildPhase section */
		8FE1F0032D89F0EA002E8C37 /* CopyFiles */ = {
			isa = PBXCopyFilesBuildPhase;
			buildActionMask = 2147483647;
			dstPath = /usr/share/man/man1/;
			dstSubfolderSpec = 0;
			files = (
			);
			runOnlyForDeploymentPostprocessing = 1;
		};
/* End PBXCopyFilesBuildPhase section */

/* Begin PBXFileReference section */
		8FE1F0052D89F0EA002E8C37 /* MacRecon */ = {isa = PBXFileReference; explicitFileType = "compiled.mach-o.executable"; includeInIndex = 0; path = MacRecon; sourceTree = BUILT_PRODUCTS_DIR; };
		8FE1F0082D89F0EA002E8C37 /* main.swift */ = {isa = PBXFileReference; lastKnownFileType = sourcecode.swift; path = main.swift; sourceTree = "<group>"; };
		8FE1F01E2D89F381002E8C37 /* SystemInfoGatherer.swift */ = {isa = PBXFileReference; lastKnownFileType = sourcecode.swift; path = SystemInfoGatherer.swift; sourceTree = "<group>"; };
		8FE1F0202D89F594002E8C37 /* StealthUtils.swift */ = {isa = PBXFileReference; lastKnownFileType = sourcecode.swift; path = StealthUtils.swift; sourceTree = "<group>"; };
/* End PBXFileReference section */

/* Begin PBXFrameworksBuildPhase section */
		8FE1F0022D89F0EA002E8C37 /* Frameworks */ = {
			isa = PBXFrameworksBuildPhase;
			buildActionMask = 2147483647;
			files = (
				8FE1F0142D89F211002E8C37 /* SQLite in Frameworks */,
				8FE1F0112D89F1FC002E8C37 /* ArgumentParser in Frameworks */,
				8FE1F0172D89F22D002E8C37 /* CryptoSwift in Frameworks */,
			);
			runOnlyForDeploymentPostprocessing = 0;
		};
/* End PBXFrameworksBuildPhase section */

/* Begin PBXGroup section */
		8FE1EFFC2D89F0EA002E8C37 = {
			isa = PBXGroup;
			children = (
				8FE1F0072D89F0EA002E8C37 /* MacRecon */,
				8FE1F0062D89F0EA002E8C37 /* Products */,
			);
			sourceTree = "<group>";
		};
		8FE1F0062D89F0EA002E8C37 /* Products */ = {
			isa = PBXGroup;
			children = (
				8FE1F0052D89F0EA002E8C37 /* MacRecon */,
			);
			name = Products;
			sourceTree = "<group>";
		};
		8FE1F0072D89F0EA002E8C37 /* MacRecon */ = {
			isa = PBXGroup;
			children = (
				8FE1F01D2D89F30B002E8C37 /* Utils */,
				8FE1F01C2D89F2FF002E8C37 /* Exfiltration */,
				8FE1F01B2D89F2EF002E8C37 /* Reporting */,
				8FE1F01A2D89F2DD002E8C37 /* PrivEscModules */,
				8FE1F0182D89F280002E8C37 /* ReconModules */,
				8FE1F0082D89F0EA002E8C37 /* main.swift */,
			);
			path = MacRecon;
			sourceTree = "<group>";
		};
		8FE1F0182D89F280002E8C37 /* ReconModules */ = {
			isa = PBXGroup;
			children = (
				8FE1F01E2D89F381002E8C37 /* SystemInfoGatherer.swift */,
			);
			path = ReconModules;
			sourceTree = "<group>";
		};
		8FE1F01A2D89F2DD002E8C37 /* PrivEscModules */ = {
			isa = PBXGroup;
			children = (
			);
			path = PrivEscModules;
			sourceTree = "<group>";
		};
		8FE1F01B2D89F2EF002E8C37 /* Reporting */ = {
			isa = PBXGroup;
			children = (
			);
			path = Reporting;
			sourceTree = "<group>";
		};
		8FE1F01C2D89F2FF002E8C37 /* Exfiltration */ = {
			isa = PBXGroup;
			children = (
			);
			path = Exfiltration;
			sourceTree = "<group>";
		};
		8FE1F01D2D89F30B002E8C37 /* Utils */ = {
			isa = PBXGroup;
			children = (
				8FE1F0202D89F594002E8C37 /* StealthUtils.swift */,
			);
			path = Utils;
			sourceTree = "<group>";
		};
/* End PBXGroup section */

/* Begin PBXNativeTarget section */
		8FE1F0042D89F0EA002E8C37 /* MacRecon */ = {
			isa = PBXNativeTarget;
			buildConfigurationList = 8FE1F00C2D89F0EA002E8C37 /* Build configuration list for PBXNativeTarget "MacRecon" */;
			buildPhases = (
				8FE1F0012D89F0EA002E8C37 /* Sources */,
				8FE1F0022D89F0EA002E8C37 /* Frameworks */,
				8FE1F0032D89F0EA002E8C37 /* CopyFiles */,
			);
			buildRules = (
			);
			dependencies = (
			);
			name = MacRecon;
			packageProductDependencies = (
				8FE1F0102D89F1FC002E8C37 /* ArgumentParser */,
				8FE1F0132D89F211002E8C37 /* SQLite */,
				8FE1F0162D89F22D002E8C37 /* CryptoSwift */,
			);
			productName = MacRecon;
			productReference = 8FE1F0052D89F0EA002E8C37 /* MacRecon */;
			productType = "com.apple.product-type.tool";
		};
/* End PBXNativeTarget section */

/* Begin PBXProject section */
		8FE1EFFD2D89F0EA002E8C37 /* Project object */ = {
			isa = PBXProject;
			attributes = {
				BuildIndependentTargetsInParallel = 1;
				LastSwiftUpdateCheck = 1540;
				LastUpgradeCheck = 1540;
				TargetAttributes = {
					8FE1F0042D89F0EA002E8C37 = {
						CreatedOnToolsVersion = 15.4;
					};
				};
			};
			buildConfigurationList = 8FE1F0002D89F0EA002E8C37 /* Build configuration list for PBXProject "MacRecon" */;
			compatibilityVersion = "Xcode 14.0";
			developmentRegion = en;
			hasScannedForEncodings = 0;
			knownRegions = (
				en,
				Base,
			);
			mainGroup = 8FE1EFFC2D89F0EA002E8C37;
			packageReferences = (
				8FE1F00F2D89F1FC002E8C37 /* XCRemoteSwiftPackageReference "swift-argument-parser" */,
				8FE1F0122D89F211002E8C37 /* XCRemoteSwiftPackageReference "SQLite" */,
				8FE1F0152D89F22D002E8C37 /* XCRemoteSwiftPackageReference "CryptoSwift" */,
			);
			productRefGroup = 8FE1F0062D89F0EA002E8C37 /* Products */;
			projectDirPath = "";
			projectRoot = "";
			targets = (
				8FE1F0042D89F0EA002E8C37 /* MacRecon */,
			);
		};
/* End PBXProject section */

/* Begin PBXSourcesBuildPhase section */
		8FE1F0012D89F0EA002E8C37 /* Sources */ = {
			isa = PBXSourcesBuildPhase;
			buildActionMask = 2147483647;
			files = (
				8FE1F01F2D89F381002E8C37 /* SystemInfoGatherer.swift in Sources */,
				8FE1F0212D89F594002E8C37 /* StealthUtils.swift in Sources */,
				8FE1F0092D89F0EA002E8C37 /* main.swift in Sources */,
			);
			runOnlyForDeploymentPostprocessing = 0;
		};
/* End PBXSourcesBuildPhase section */

/* Begin XCBuildConfiguration section */
		8FE1F00A2D89F0EA002E8C37 /* Debug */ = {
			isa = XCBuildConfiguration;
			buildSettings = {
				ALWAYS_SEARCH_USER_PATHS = NO;
				ASSETCATALOG_COMPILER_GENERATE_SWIFT_ASSET_SYMBOL_EXTENSIONS = YES;
				CLANG_ANALYZER_NONNULL = YES;
				CLANG_ANALYZER_NUMBER_OBJECT_CONVERSION = YES_AGGRESSIVE;
				CLANG_CXX_LANGUAGE_STANDARD = "gnu++20";
				CLANG_ENABLE_MODULES = YES;
				CLANG_ENABLE_OBJC_ARC = YES;
				CLANG_ENABLE_OBJC_WEAK = YES;
				CLANG_WARN_BLOCK_CAPTURE_AUTORELEASING = YES;
				CLANG_WARN_BOOL_CONVERSION = YES;
				CLANG_WARN_COMMA = YES;
				CLANG_WARN_CONSTANT_CONVERSION = YES;
				CLANG_WARN_DEPRECATED_OBJC_IMPLEMENTATIONS = YES;
				CLANG_WARN_DIRECT_OBJC_ISA_USAGE = YES_ERROR;
				CLANG_WARN_DOCUMENTATION_COMMENTS = YES;
				CLANG_WARN_EMPTY_BODY = YES;
				CLANG_WARN_ENUM_CONVERSION = YES;
				CLANG_WARN_INFINITE_RECURSION = YES;
				CLANG_WARN_INT_CONVERSION = YES;
				CLANG_WARN_NON_LITERAL_NULL_CONVERSION = YES;
				CLANG_WARN_OBJC_IMPLICIT_RETAIN_SELF = YES;
				CLANG_WARN_OBJC_LITERAL_CONVERSION = YES;
				CLANG_WARN_OBJC_ROOT_CLASS = YES_ERROR;
				CLANG_WARN_QUOTED_INCLUDE_IN_FRAMEWORK_HEADER = YES;
				CLANG_WARN_RANGE_LOOP_ANALYSIS = YES;
				CLANG_WARN_STRICT_PROTOTYPES = YES;
				CLANG_WARN_SUSPICIOUS_MOVE = YES;
				CLANG_WARN_UNGUARDED_AVAILABILITY = YES_AGGRESSIVE;
				CLANG_WARN_UNREACHABLE_CODE = YES;
				CLANG_WARN__DUPLICATE_METHOD_MATCH = YES;
				COPY_PHASE_STRIP = NO;
				DEBUG_INFORMATION_FORMAT = dwarf;
				ENABLE_STRICT_OBJC_MSGSEND = YES;
				ENABLE_TESTABILITY = YES;
				ENABLE_USER_SCRIPT_SANDBOXING = YES;
				GCC_C_LANGUAGE_STANDARD = gnu17;
				GCC_DYNAMIC_NO_PIC = NO;
				GCC_NO_COMMON_BLOCKS = YES;
				GCC_OPTIMIZATION_LEVEL = 0;
				GCC_PREPROCESSOR_DEFINITIONS = (
					"DEBUG=1",
					"$(inherited)",
				);
				GCC_WARN_64_TO_32_BIT_CONVERSION = YES;
				GCC_WARN_ABOUT_RETURN_TYPE = YES_ERROR;
				GCC_WARN_UNDECLARED_SELECTOR = YES;
				GCC_WARN_UNINITIALIZED_AUTOS = YES_AGGRESSIVE;
				GCC_WARN_UNUSED_FUNCTION = YES;
				GCC_WARN_UNUSED_VARIABLE = YES;
				LOCALIZATION_PREFERS_STRING_CATALOGS = YES;
				MACOSX_DEPLOYMENT_TARGET = 14.5;
				MTL_ENABLE_DEBUG_INFO = INCLUDE_SOURCE;
				MTL_FAST_MATH = YES;
				ONLY_ACTIVE_ARCH = YES;
				SDKROOT = macosx;
				SWIFT_ACTIVE_COMPILATION_CONDITIONS = "DEBUG $(inherited)";
				SWIFT_OPTIMIZATION_LEVEL = "-Onone";
			};
			name = Debug;
		};
		8FE1F00B2D89F0EA002E8C37 /* Release */ = {
			isa = XCBuildConfiguration;
			buildSettings = {
				ALWAYS_SEARCH_USER_PATHS = NO;
				ASSETCATALOG_COMPILER_GENERATE_SWIFT_ASSET_SYMBOL_EXTENSIONS = YES;
				CLANG_ANALYZER_NONNULL = YES;
				CLANG_ANALYZER_NUMBER_OBJECT_CONVERSION = YES_AGGRESSIVE;
				CLANG_CXX_LANGUAGE_STANDARD = "gnu++20";
				CLANG_ENABLE_MODULES = YES;
				CLANG_ENABLE_OBJC_ARC = YES;
				CLANG_ENABLE_OBJC_WEAK = YES;
				CLANG_WARN_BLOCK_CAPTURE_AUTORELEASING = YES;
				CLANG_WARN_BOOL_CONVERSION = YES;
				CLANG_WARN_COMMA = YES;
				CLANG_WARN_CONSTANT_CONVERSION = YES;
				CLANG_WARN_DEPRECATED_OBJC_IMPLEMENTATIONS = YES;
				CLANG_WARN_DIRECT_OBJC_ISA_USAGE = YES_ERROR;
				CLANG_WARN_DOCUMENTATION_COMMENTS = YES;
				CLANG_WARN_EMPTY_BODY = YES;
				CLANG_WARN_ENUM_CONVERSION = YES;
				CLANG_WARN_INFINITE_RECURSION = YES;
				CLANG_WARN_INT_CONVERSION = YES;
				CLANG_WARN_NON_LITERAL_NULL_CONVERSION = YES;
				CLANG_WARN_OBJC_IMPLICIT_RETAIN_SELF = YES;
				CLANG_WARN_OBJC_LITERAL_CONVERSION = YES;
				CLANG_WARN_OBJC_ROOT_CLASS = YES_ERROR;
				CLANG_WARN_QUOTED_INCLUDE_IN_FRAMEWORK_HEADER = YES;
				CLANG_WARN_RANGE_LOOP_ANALYSIS = YES;
				CLANG_WARN_STRICT_PROTOTYPES = YES;
				CLANG_WARN_SUSPICIOUS_MOVE = YES;
				CLANG_WARN_UNGUARDED_AVAILABILITY = YES_AGGRESSIVE;
				CLANG_WARN_UNREACHABLE_CODE = YES;
				CLANG_WARN__DUPLICATE_METHOD_MATCH = YES;
				COPY_PHASE_STRIP = NO;
				DEBUG_INFORMATION_FORMAT = "dwarf-with-dsym";
				ENABLE_NS_ASSERTIONS = NO;
				ENABLE_STRICT_OBJC_MSGSEND = YES;
				ENABLE_USER_SCRIPT_SANDBOXING = YES;
				GCC_C_LANGUAGE_STANDARD = gnu17;
				GCC_NO_COMMON_BLOCKS = YES;
				GCC_WARN_64_TO_32_BIT_CONVERSION = YES;
				GCC_WARN_ABOUT_RETURN_TYPE = YES_ERROR;
				GCC_WARN_UNDECLARED_SELECTOR = YES;
				GCC_WARN_UNINITIALIZED_AUTOS = YES_AGGRESSIVE;
				GCC_WARN_UNUSED_FUNCTION = YES;
				GCC_WARN_UNUSED_VARIABLE = YES;
				LOCALIZATION_PREFERS_STRING_CATALOGS = YES;
				MACOSX_DEPLOYMENT_TARGET = 14.5;
				MTL_ENABLE_DEBUG_INFO = NO;
				MTL_FAST_MATH = YES;
				SDKROOT = macosx;
				SWIFT_COMPILATION_MODE = wholemodule;
			};
			name = Release;
		};
		8FE1F00D2D89F0EA002E8C37 /* Debug */ = {
			isa = XCBuildConfiguration;
			buildSettings = {
				CODE_SIGN_STYLE = Automatic;
				PRODUCT_NAME = "$(TARGET_NAME)";
				SWIFT_VERSION = 5.0;
			};
			name = Debug;
		};
		8FE1F00E2D89F0EA002E8C37 /* Release */ = {
			isa = XCBuildConfiguration;
			buildSettings = {
				CODE_SIGN_STYLE = Automatic;
				PRODUCT_NAME = "$(TARGET_NAME)";
				SWIFT_VERSION = 5.0;
			};
			name = Release;
		};
/* End XCBuildConfiguration section */

/* Begin XCConfigurationList section */
		8FE1F0002D89F0EA002E8C37 /* Build configuration list for PBXProject "MacRecon" */ = {
			isa = XCConfigurationList;
			buildConfigurations = (
				8FE1F00A2D89F0EA002E8C37 /* Debug */,
				8FE1F00B2D89F0EA002E8C37 /* Release */,
			);
			defaultConfigurationIsVisible = 0;
			defaultConfigurationName = Release;
		};
		8FE1F00C2D89F0EA002E8C37 /* Build configuration list for PBXNativeTarget "MacRecon" */ = {
			isa = XCConfigurationList;
			buildConfigurations = (
				8FE1F00D2D89F0EA002E8C37 /* Debug */,
				8FE1F00E2D89F0EA002E8C37 /* Release */,
			);
			defaultConfigurationIsVisible = 0;
			defaultConfigurationName = Release;
		};
/* End XCConfigurationList section */

/* Begin XCRemoteSwiftPackageReference section */
		8FE1F00F2D89F1FC002E8C37 /* XCRemoteSwiftPackageReference "swift-argument-parser" */ = {
			isa = XCRemoteSwiftPackageReference;
			repositoryURL = "https://github.com/apple/swift-argument-parser.git";
			requirement = {
				kind = upToNextMajorVersion;
				minimumVersion = 1.5.0;
			};
		};
		8FE1F0122D89F211002E8C37 /* XCRemoteSwiftPackageReference "SQLite" */ = {
			isa = XCRemoteSwiftPackageReference;
			repositoryURL = "https://github.com/stephencelis/SQLite.swift";
			requirement = {
				kind = upToNextMajorVersion;
				minimumVersion = 0.15.3;
			};
		};
		8FE1F0152D89F22D002E8C37 /* XCRemoteSwiftPackageReference "CryptoSwift" */ = {
			isa = XCRemoteSwiftPackageReference;
			repositoryURL = "https://github.com/krzyzanowskim/CryptoSwift";
			requirement = {
				kind = upToNextMajorVersion;
				minimumVersion = 1.8.4;
			};
		};
/* End XCRemoteSwiftPackageReference section */

/* Begin XCSwiftPackageProductDependency section */
		8FE1F0102D89F1FC002E8C37 /* ArgumentParser */ = {
			isa = XCSwiftPackageProductDependency;
			package = 8FE1F00F2D89F1FC002E8C37 /* XCRemoteSwiftPackageReference "swift-argument-parser" */;
			productName = ArgumentParser;
		};
		8FE1F0132D89F211002E8C37 /* SQLite */ = {
			isa = XCSwiftPackageProductDependency;
			package = 8FE1F0122D89F211002E8C37 /* XCRemoteSwiftPackageReference "SQLite" */;
			productName = SQLite;
		};
		8FE1F0162D89F22D002E8C37 /* CryptoSwift */ = {
			isa = XCSwiftPackageProductDependency;
			package = 8FE1F0152D89F22D002E8C37 /* XCRemoteSwiftPackageReference "CryptoSwift" */;
			productName = CryptoSwift;
		};
/* End XCSwiftPackageProductDependency section */
	};
	rootObject = 8FE1EFFD2D89F0EA002E8C37 /* Project object */;
}
